// !$*UTF8*$!
{
	archiveVersion = 1;
	classes = {
	};
	objectVersion = 52;
	objects = {

/* Begin PBXBuildFile section */
		1E123F6B25C43D6F00F9CF69 /* ReadFromPictureView.swift in Sources */ = {isa = PBXBuildFile; fileRef = 1E123F6A25C43D6F00F9CF69 /* ReadFromPictureView.swift */; };
		1E1E33D325C99DC5001E50B1 /* DrawOnImageView.swift in Sources */ = {isa = PBXBuildFile; fileRef = 1E1E33D225C99DC5001E50B1 /* DrawOnImageView.swift */; };
		1E2CA35225D7EB6600362AC8 /* SkanCreditCardView.swift in Sources */ = {isa = PBXBuildFile; fileRef = 1E2CA35125D7EB6600362AC8 /* SkanCreditCardView.swift */; };
		1E2CA36425D801E600362AC8 /* SweetCardScanner in Frameworks */ = {isa = PBXBuildFile; productRef = 1E2CA36325D801E600362AC8 /* SweetCardScanner */; };
		1E2F5DDD25BAFFE600B61916 /* FavouriteView.swift in Sources */ = {isa = PBXBuildFile; fileRef = 1E2F5DDC25BAFFE600B61916 /* FavouriteView.swift */; };
		1E2F5DE025BB10B700B61916 /* ItemDetailView.swift in Sources */ = {isa = PBXBuildFile; fileRef = 1E2F5DDF25BB10B700B61916 /* ItemDetailView.swift */; };
		1E3B071025BDAA5B00D41179 /* RowView.swift in Sources */ = {isa = PBXBuildFile; fileRef = 1E3B070F25BDAA5B00D41179 /* RowView.swift */; };
		1E3B071325BDAAB000D41179 /* MailDetailView.swift in Sources */ = {isa = PBXBuildFile; fileRef = 1E3B071225BDAAB000D41179 /* MailDetailView.swift */; };
		1E51E79025DE889400127C6A /* Password_MenagerTests.swift in Sources */ = {isa = PBXBuildFile; fileRef = 1E51E78F25DE889400127C6A /* Password_MenagerTests.swift */; };
		1E6ADC3025C033AB000130C8 /* LoginView.swift in Sources */ = {isa = PBXBuildFile; fileRef = 1E6ADC2F25C033AB000130C8 /* LoginView.swift */; };
		1E6ADC3325C064C1000130C8 /* LoginPinView.swift in Sources */ = {isa = PBXBuildFile; fileRef = 1E6ADC3225C064C1000130C8 /* LoginPinView.swift */; };
		1E6BA9D325BC3CD40007A1CD /* PasswordGenerator.swift in Sources */ = {isa = PBXBuildFile; fileRef = 1E6BA9D225BC3CD40007A1CD /* PasswordGenerator.swift */; };
		1E8090D525B9CC710001D99D /* AppDelegate.swift in Sources */ = {isa = PBXBuildFile; fileRef = 1E8090D425B9CC710001D99D /* AppDelegate.swift */; };
		1E8090D725B9CC710001D99D /* SceneDelegate.swift in Sources */ = {isa = PBXBuildFile; fileRef = 1E8090D625B9CC710001D99D /* SceneDelegate.swift */; };
		1E8090D925B9CC710001D99D /* ContentView.swift in Sources */ = {isa = PBXBuildFile; fileRef = 1E8090D825B9CC710001D99D /* ContentView.swift */; };
		1E8090DC25B9CC710001D99D /* Password_MEnager.xcdatamodeld in Sources */ = {isa = PBXBuildFile; fileRef = 1E8090DA25B9CC710001D99D /* Password_MEnager.xcdatamodeld */; };
		1E8090DE25B9CC760001D99D /* Assets.xcassets in Resources */ = {isa = PBXBuildFile; fileRef = 1E8090DD25B9CC760001D99D /* Assets.xcassets */; };
		1E8090E125B9CC760001D99D /* Preview Assets.xcassets in Resources */ = {isa = PBXBuildFile; fileRef = 1E8090E025B9CC760001D99D /* Preview Assets.xcassets */; };
		1E8090E425B9CC760001D99D /* LaunchScreen.storyboard in Resources */ = {isa = PBXBuildFile; fileRef = 1E8090E225B9CC760001D99D /* LaunchScreen.storyboard */; };
		1E8090ED25B9CDF50001D99D /* Password.swift in Sources */ = {isa = PBXBuildFile; fileRef = 1E8090EC25B9CDF50001D99D /* Password.swift */; };
		1E8090F325B9EAB00001D99D /* AppView.swift in Sources */ = {isa = PBXBuildFile; fileRef = 1E8090F225B9EAB00001D99D /* AppView.swift */; };
		1E8090F625B9EBEE0001D99D /* AddNewItemView.swift in Sources */ = {isa = PBXBuildFile; fileRef = 1E8090F525B9EBEE0001D99D /* AddNewItemView.swift */; };
		1E829F1A25C942C400C4CB76 /* GoogleService-Info.plist in Resources */ = {isa = PBXBuildFile; fileRef = 1E829F1925C942C300C4CB76 /* GoogleService-Info.plist */; };
		1E82D09625D428C400CE0992 /* PushNotifications.swift in Sources */ = {isa = PBXBuildFile; fileRef = 1E82D09525D428C400CE0992 /* PushNotifications.swift */; };
		1EB78DAB25D51FB000F812E5 /* Localizable.strings in Resources */ = {isa = PBXBuildFile; fileRef = 1EB78DAA25D51FB000F812E5 /* Localizable.strings */; };
		1EB78DB325D544A200F812E5 /* CardItemView.swift in Sources */ = {isa = PBXBuildFile; fileRef = 1EB78DB225D544A200F812E5 /* CardItemView.swift */; };
		1EBF026A25CC2674005B200D /* Persistence.swift in Sources */ = {isa = PBXBuildFile; fileRef = 1EBF026925CC2674005B200D /* Persistence.swift */; };
		1EBF026F25CC269E005B200D /* CoreDataTest.xcdatamodeld in Sources */ = {isa = PBXBuildFile; fileRef = 1EBF026C25CC269E005B200D /* CoreDataTest.xcdatamodeld */; };
		1EC04AAB25DA9CF900B585F0 /* SettingsView.swift in Sources */ = {isa = PBXBuildFile; fileRef = 1EC04AAA25DA9CF900B585F0 /* SettingsView.swift */; };
		C6E832233783105BC9D63E99 /* Pods_Password_MEnager.framework in Frameworks */ = {isa = PBXBuildFile; fileRef = 46E8758ACDE3A9E904886FE8 /* Pods_Password_MEnager.framework */; };
/* End PBXBuildFile section */

/* Begin PBXContainerItemProxy section */
		1E51E79225DE889400127C6A /* PBXContainerItemProxy */ = {
			isa = PBXContainerItemProxy;
			containerPortal = 1E8090C925B9CC710001D99D /* Project object */;
			proxyType = 1;
			remoteGlobalIDString = 1E8090D025B9CC710001D99D;
			remoteInfo = "Password MEnager";
		};
/* End PBXContainerItemProxy section */

/* Begin PBXFileReference section */
		1E123F6A25C43D6F00F9CF69 /* ReadFromPictureView.swift */ = {isa = PBXFileReference; lastKnownFileType = sourcecode.swift; path = ReadFromPictureView.swift; sourceTree = "<group>"; };
		1E1E33D225C99DC5001E50B1 /* DrawOnImageView.swift */ = {isa = PBXFileReference; lastKnownFileType = sourcecode.swift; path = DrawOnImageView.swift; sourceTree = "<group>"; };
		1E2CA35125D7EB6600362AC8 /* SkanCreditCardView.swift */ = {isa = PBXFileReference; lastKnownFileType = sourcecode.swift; path = SkanCreditCardView.swift; sourceTree = "<group>"; };
		1E2F5DDC25BAFFE600B61916 /* FavouriteView.swift */ = {isa = PBXFileReference; lastKnownFileType = sourcecode.swift; path = FavouriteView.swift; sourceTree = "<group>"; };
		1E2F5DDF25BB10B700B61916 /* ItemDetailView.swift */ = {isa = PBXFileReference; lastKnownFileType = sourcecode.swift; path = ItemDetailView.swift; sourceTree = "<group>"; usesTabs = 0; };
		1E3B070F25BDAA5B00D41179 /* RowView.swift */ = {isa = PBXFileReference; lastKnownFileType = sourcecode.swift; path = RowView.swift; sourceTree = "<group>"; };
		1E3B071225BDAAB000D41179 /* MailDetailView.swift */ = {isa = PBXFileReference; lastKnownFileType = sourcecode.swift; path = MailDetailView.swift; sourceTree = "<group>"; };
		1E51E78D25DE889400127C6A /* Password MenagerTests.xctest */ = {isa = PBXFileReference; explicitFileType = wrapper.cfbundle; includeInIndex = 0; path = "Password MenagerTests.xctest"; sourceTree = BUILT_PRODUCTS_DIR; };
		1E51E78F25DE889400127C6A /* Password_MenagerTests.swift */ = {isa = PBXFileReference; lastKnownFileType = sourcecode.swift; path = Password_MenagerTests.swift; sourceTree = "<group>"; };
		1E51E79125DE889400127C6A /* Info.plist */ = {isa = PBXFileReference; lastKnownFileType = text.plist.xml; path = Info.plist; sourceTree = "<group>"; };
		1E6ADC2F25C033AB000130C8 /* LoginView.swift */ = {isa = PBXFileReference; lastKnownFileType = sourcecode.swift; path = LoginView.swift; sourceTree = "<group>"; };
		1E6ADC3225C064C1000130C8 /* LoginPinView.swift */ = {isa = PBXFileReference; lastKnownFileType = sourcecode.swift; path = LoginPinView.swift; sourceTree = "<group>"; };
		1E6BA9D225BC3CD40007A1CD /* PasswordGenerator.swift */ = {isa = PBXFileReference; lastKnownFileType = sourcecode.swift; path = PasswordGenerator.swift; sourceTree = "<group>"; };
		1E8090D125B9CC710001D99D /* Password MEnager.app */ = {isa = PBXFileReference; explicitFileType = wrapper.application; includeInIndex = 0; path = "Password MEnager.app"; sourceTree = BUILT_PRODUCTS_DIR; };
		1E8090D425B9CC710001D99D /* AppDelegate.swift */ = {isa = PBXFileReference; lastKnownFileType = sourcecode.swift; path = AppDelegate.swift; sourceTree = "<group>"; };
		1E8090D625B9CC710001D99D /* SceneDelegate.swift */ = {isa = PBXFileReference; lastKnownFileType = sourcecode.swift; path = SceneDelegate.swift; sourceTree = "<group>"; };
		1E8090D825B9CC710001D99D /* ContentView.swift */ = {isa = PBXFileReference; lastKnownFileType = sourcecode.swift; path = ContentView.swift; sourceTree = "<group>"; };
		1E8090DB25B9CC710001D99D /* Password_MEnager.xcdatamodel */ = {isa = PBXFileReference; lastKnownFileType = wrapper.xcdatamodel; path = Password_MEnager.xcdatamodel; sourceTree = "<group>"; };
		1E8090DD25B9CC760001D99D /* Assets.xcassets */ = {isa = PBXFileReference; lastKnownFileType = folder.assetcatalog; path = Assets.xcassets; sourceTree = "<group>"; };
		1E8090E025B9CC760001D99D /* Preview Assets.xcassets */ = {isa = PBXFileReference; lastKnownFileType = folder.assetcatalog; path = "Preview Assets.xcassets"; sourceTree = "<group>"; };
		1E8090E325B9CC760001D99D /* Base */ = {isa = PBXFileReference; lastKnownFileType = file.storyboard; name = Base; path = Base.lproj/LaunchScreen.storyboard; sourceTree = "<group>"; };
		1E8090E525B9CC760001D99D /* Info.plist */ = {isa = PBXFileReference; lastKnownFileType = text.plist.xml; path = Info.plist; sourceTree = "<group>"; };
		1E8090EC25B9CDF50001D99D /* Password.swift */ = {isa = PBXFileReference; lastKnownFileType = sourcecode.swift; path = Password.swift; sourceTree = "<group>"; };
		1E8090F225B9EAB00001D99D /* AppView.swift */ = {isa = PBXFileReference; lastKnownFileType = sourcecode.swift; path = AppView.swift; sourceTree = "<group>"; };
		1E8090F525B9EBEE0001D99D /* AddNewItemView.swift */ = {isa = PBXFileReference; lastKnownFileType = sourcecode.swift; path = AddNewItemView.swift; sourceTree = "<group>"; };
		1E829F1925C942C300C4CB76 /* GoogleService-Info.plist */ = {isa = PBXFileReference; fileEncoding = 4; lastKnownFileType = text.plist.xml; path = "GoogleService-Info.plist"; sourceTree = "<group>"; };
		1E82D09525D428C400CE0992 /* PushNotifications.swift */ = {isa = PBXFileReference; lastKnownFileType = sourcecode.swift; path = PushNotifications.swift; sourceTree = "<group>"; };
		1E82D09825D42A9300CE0992 /* Password MEnager.entitlements */ = {isa = PBXFileReference; lastKnownFileType = text.plist.entitlements; path = "Password MEnager.entitlements"; sourceTree = "<group>"; };
		1EB78DAA25D51FB000F812E5 /* Localizable.strings */ = {isa = PBXFileReference; lastKnownFileType = text.plist.strings; path = Localizable.strings; sourceTree = "<group>"; };
		1EB78DB225D544A200F812E5 /* CardItemView.swift */ = {isa = PBXFileReference; lastKnownFileType = sourcecode.swift; path = CardItemView.swift; sourceTree = "<group>"; };
		1EBF026925CC2674005B200D /* Persistence.swift */ = {isa = PBXFileReference; fileEncoding = 4; lastKnownFileType = sourcecode.swift; path = Persistence.swift; sourceTree = "<group>"; };
		1EBF026D25CC269E005B200D /* CoreDataTest.xcdatamodel */ = {isa = PBXFileReference; lastKnownFileType = wrapper.xcdatamodel; path = CoreDataTest.xcdatamodel; sourceTree = "<group>"; };
		1EBF026E25CC269E005B200D /* CoreDataTest 2.xcdatamodel */ = {isa = PBXFileReference; lastKnownFileType = wrapper.xcdatamodel; path = "CoreDataTest 2.xcdatamodel"; sourceTree = "<group>"; };
		1EC04AAA25DA9CF900B585F0 /* SettingsView.swift */ = {isa = PBXFileReference; lastKnownFileType = sourcecode.swift; path = SettingsView.swift; sourceTree = "<group>"; };
		2D5854123ABC6FDE7C935FBC /* Pods-Password MEnager.release.xcconfig */ = {isa = PBXFileReference; includeInIndex = 1; lastKnownFileType = text.xcconfig; name = "Pods-Password MEnager.release.xcconfig"; path = "Target Support Files/Pods-Password MEnager/Pods-Password MEnager.release.xcconfig"; sourceTree = "<group>"; };
		46E8758ACDE3A9E904886FE8 /* Pods_Password_MEnager.framework */ = {isa = PBXFileReference; explicitFileType = wrapper.framework; includeInIndex = 0; path = Pods_Password_MEnager.framework; sourceTree = BUILT_PRODUCTS_DIR; };
		C0EA72BE9B022522E42C5781 /* Pods-Password MEnager.debug.xcconfig */ = {isa = PBXFileReference; includeInIndex = 1; lastKnownFileType = text.xcconfig; name = "Pods-Password MEnager.debug.xcconfig"; path = "Target Support Files/Pods-Password MEnager/Pods-Password MEnager.debug.xcconfig"; sourceTree = "<group>"; };
/* End PBXFileReference section */

/* Begin PBXFrameworksBuildPhase section */
		1E51E78A25DE889400127C6A /* Frameworks */ = {
			isa = PBXFrameworksBuildPhase;
			buildActionMask = 2147483647;
			files = (
			);
			runOnlyForDeploymentPostprocessing = 0;
		};
		1E8090CE25B9CC710001D99D /* Frameworks */ = {
			isa = PBXFrameworksBuildPhase;
			buildActionMask = 2147483647;
			files = (
				1E2CA36425D801E600362AC8 /* SweetCardScanner in Frameworks */,
				C6E832233783105BC9D63E99 /* Pods_Password_MEnager.framework in Frameworks */,
			);
			runOnlyForDeploymentPostprocessing = 0;
		};
/* End PBXFrameworksBuildPhase section */

/* Begin PBXGroup section */
		036435C5B9D661CCE4BDC6F4 /* Pods */ = {
			isa = PBXGroup;
			children = (
				C0EA72BE9B022522E42C5781 /* Pods-Password MEnager.debug.xcconfig */,
				2D5854123ABC6FDE7C935FBC /* Pods-Password MEnager.release.xcconfig */,
			);
			path = Pods;
			sourceTree = "<group>";
		};
		1E51E78E25DE889400127C6A /* Password MenagerTests */ = {
			isa = PBXGroup;
			children = (
				1E51E78F25DE889400127C6A /* Password_MenagerTests.swift */,
				1E51E79125DE889400127C6A /* Info.plist */,
			);
			path = "Password MenagerTests";
			sourceTree = "<group>";
		};
		1E8090C825B9CC710001D99D = {
			isa = PBXGroup;
			children = (
				1E8090D325B9CC710001D99D /* Password MEnager */,
				1E51E78E25DE889400127C6A /* Password MenagerTests */,
				1E8090D225B9CC710001D99D /* Products */,
				036435C5B9D661CCE4BDC6F4 /* Pods */,
				94E480C9011C3C351F6D3FDD /* Frameworks */,
			);
			sourceTree = "<group>";
		};
		1E8090D225B9CC710001D99D /* Products */ = {
			isa = PBXGroup;
			children = (
				1E8090D125B9CC710001D99D /* Password MEnager.app */,
				1E51E78D25DE889400127C6A /* Password MenagerTests.xctest */,
			);
			name = Products;
			sourceTree = "<group>";
		};
		1E8090D325B9CC710001D99D /* Password MEnager */ = {
			isa = PBXGroup;
			children = (
				1EDFBD5225F1281F00F4EDAE /* Push Notification */,
				1EDFBD5125F1281500F4EDAE /* Items */,
				1EDFBD5025F1280000F4EDAE /* Views */,
				1E82D09825D42A9300CE0992 /* Password MEnager.entitlements */,
				1E8090D625B9CC710001D99D /* SceneDelegate.swift */,
				1E829F1925C942C300C4CB76 /* GoogleService-Info.plist */,
				1EBF026C25CC269E005B200D /* CoreDataTest.xcdatamodeld */,
				1EB78DAA25D51FB000F812E5 /* Localizable.strings */,
				1E8090DD25B9CC760001D99D /* Assets.xcassets */,
				1E8090E525B9CC760001D99D /* Info.plist */,
				1E8090DA25B9CC710001D99D /* Password_MEnager.xcdatamodeld */,
				1E8090DF25B9CC760001D99D /* Preview Content */,
			);
			path = "Password MEnager";
			sourceTree = "<group>";
		};
		1E8090DF25B9CC760001D99D /* Preview Content */ = {
			isa = PBXGroup;
			children = (
				1E8090E025B9CC760001D99D /* Preview Assets.xcassets */,
			);
			path = "Preview Content";
			sourceTree = "<group>";
		};
		1EDFBD5025F1280000F4EDAE /* Views */ = {
			isa = PBXGroup;
			children = (
				1E8090D425B9CC710001D99D /* AppDelegate.swift */,
				1E8090D825B9CC710001D99D /* ContentView.swift */,
				1E6ADC2F25C033AB000130C8 /* LoginView.swift */,
				1E8090F225B9EAB00001D99D /* AppView.swift */,
				1E2F5DDC25BAFFE600B61916 /* FavouriteView.swift */,
				1E2F5DDF25BB10B700B61916 /* ItemDetailView.swift */,
				1E123F6A25C43D6F00F9CF69 /* ReadFromPictureView.swift */,
				1E8090F525B9EBEE0001D99D /* AddNewItemView.swift */,
				1E1E33D225C99DC5001E50B1 /* DrawOnImageView.swift */,
				1E6ADC3225C064C1000130C8 /* LoginPinView.swift */,
				1E8090E225B9CC760001D99D /* LaunchScreen.storyboard */,
				1EB78DB225D544A200F812E5 /* CardItemView.swift */,
				1E3B071225BDAAB000D41179 /* MailDetailView.swift */,
				1EC04AAA25DA9CF900B585F0 /* SettingsView.swift */,
				1E3B070F25BDAA5B00D41179 /* RowView.swift */,
				1E2CA35125D7EB6600362AC8 /* SkanCreditCardView.swift */,
			);
			path = Views;
			sourceTree = "<group>";
		};
		1EDFBD5125F1281500F4EDAE /* Items */ = {
			isa = PBXGroup;
			children = (
				1EBF026925CC2674005B200D /* Persistence.swift */,
				1E6BA9D225BC3CD40007A1CD /* PasswordGenerator.swift */,
				1E8090EC25B9CDF50001D99D /* Password.swift */,
			);
			path = Items;
			sourceTree = "<group>";
		};
		1EDFBD5225F1281F00F4EDAE /* Push Notification */ = {
			isa = PBXGroup;
			children = (
				1E82D09525D428C400CE0992 /* PushNotifications.swift */,
			);
			path = "Push Notification";
			sourceTree = "<group>";
		};
		94E480C9011C3C351F6D3FDD /* Frameworks */ = {
			isa = PBXGroup;
			children = (
				46E8758ACDE3A9E904886FE8 /* Pods_Password_MEnager.framework */,
			);
			name = Frameworks;
			sourceTree = "<group>";
		};
/* End PBXGroup section */

/* Begin PBXNativeTarget section */
		1E51E78C25DE889400127C6A /* Password MenagerTests */ = {
			isa = PBXNativeTarget;
			buildConfigurationList = 1E51E79425DE889400127C6A /* Build configuration list for PBXNativeTarget "Password MenagerTests" */;
			buildPhases = (
				1E51E78925DE889400127C6A /* Sources */,
				1E51E78A25DE889400127C6A /* Frameworks */,
				1E51E78B25DE889400127C6A /* Resources */,
			);
			buildRules = (
			);
			dependencies = (
				1E51E79325DE889400127C6A /* PBXTargetDependency */,
			);
			name = "Password MenagerTests";
			productName = "Password MenagerTests";
			productReference = 1E51E78D25DE889400127C6A /* Password MenagerTests.xctest */;
			productType = "com.apple.product-type.bundle.unit-test";
		};
		1E8090D025B9CC710001D99D /* Password MEnager */ = {
			isa = PBXNativeTarget;
			buildConfigurationList = 1E8090E825B9CC760001D99D /* Build configuration list for PBXNativeTarget "Password MEnager" */;
			buildPhases = (
				4180BB9AC75473F88FBE262E /* [CP] Check Pods Manifest.lock */,
				1E8090CD25B9CC710001D99D /* Sources */,
				1E8090CE25B9CC710001D99D /* Frameworks */,
				1E8090CF25B9CC710001D99D /* Resources */,
			);
			buildRules = (
			);
			dependencies = (
			);
			name = "Password MEnager";
			packageProductDependencies = (
				1E2CA36325D801E600362AC8 /* SweetCardScanner */,
			);
			productName = "Password MEnager";
			productReference = 1E8090D125B9CC710001D99D /* Password MEnager.app */;
			productType = "com.apple.product-type.application";
		};
/* End PBXNativeTarget section */

/* Begin PBXProject section */
		1E8090C925B9CC710001D99D /* Project object */ = {
			isa = PBXProject;
			attributes = {
				LastSwiftUpdateCheck = 1220;
				LastUpgradeCheck = 1220;
				TargetAttributes = {
					1E51E78C25DE889400127C6A = {
						CreatedOnToolsVersion = 12.2;
						TestTargetID = 1E8090D025B9CC710001D99D;
					};
					1E8090D025B9CC710001D99D = {
						CreatedOnToolsVersion = 12.2;
					};
				};
			};
			buildConfigurationList = 1E8090CC25B9CC710001D99D /* Build configuration list for PBXProject "Password MEnager" */;
			compatibilityVersion = "Xcode 9.3";
			developmentRegion = en;
			hasScannedForEncodings = 0;
			knownRegions = (
				en,
				Base,
			);
			mainGroup = 1E8090C825B9CC710001D99D;
			packageReferences = (
				1E2CA36225D801E600362AC8 /* XCRemoteSwiftPackageReference "SweetCardScanner" */,
			);
			productRefGroup = 1E8090D225B9CC710001D99D /* Products */;
			projectDirPath = "";
			projectRoot = "";
			targets = (
				1E8090D025B9CC710001D99D /* Password MEnager */,
				1E51E78C25DE889400127C6A /* Password MenagerTests */,
			);
		};
/* End PBXProject section */

/* Begin PBXResourcesBuildPhase section */
		1E51E78B25DE889400127C6A /* Resources */ = {
			isa = PBXResourcesBuildPhase;
			buildActionMask = 2147483647;
			files = (
			);
			runOnlyForDeploymentPostprocessing = 0;
		};
		1E8090CF25B9CC710001D99D /* Resources */ = {
			isa = PBXResourcesBuildPhase;
			buildActionMask = 2147483647;
			files = (
				1EB78DAB25D51FB000F812E5 /* Localizable.strings in Resources */,
				1E8090E425B9CC760001D99D /* LaunchScreen.storyboard in Resources */,
				1E829F1A25C942C400C4CB76 /* GoogleService-Info.plist in Resources */,
				1E8090E125B9CC760001D99D /* Preview Assets.xcassets in Resources */,
				1E8090DE25B9CC760001D99D /* Assets.xcassets in Resources */,
			);
			runOnlyForDeploymentPostprocessing = 0;
		};
/* End PBXResourcesBuildPhase section */

/* Begin PBXShellScriptBuildPhase section */
		4180BB9AC75473F88FBE262E /* [CP] Check Pods Manifest.lock */ = {
			isa = PBXShellScriptBuildPhase;
			buildActionMask = 2147483647;
			files = (
			);
			inputFileListPaths = (
			);
			inputPaths = (
				"${PODS_PODFILE_DIR_PATH}/Podfile.lock",
				"${PODS_ROOT}/Manifest.lock",
			);
			name = "[CP] Check Pods Manifest.lock";
			outputFileListPaths = (
			);
			outputPaths = (
				"$(DERIVED_FILE_DIR)/Pods-Password MEnager-checkManifestLockResult.txt",
			);
			runOnlyForDeploymentPostprocessing = 0;
			shellPath = /bin/sh;
			shellScript = "diff \"${PODS_PODFILE_DIR_PATH}/Podfile.lock\" \"${PODS_ROOT}/Manifest.lock\" > /dev/null\nif [ $? != 0 ] ; then\n    # print error to STDERR\n    echo \"error: The sandbox is not in sync with the Podfile.lock. Run 'pod install' or update your CocoaPods installation.\" >&2\n    exit 1\nfi\n# This output is used by Xcode 'outputs' to avoid re-running this script phase.\necho \"SUCCESS\" > \"${SCRIPT_OUTPUT_FILE_0}\"\n";
			showEnvVarsInLog = 0;
		};
/* End PBXShellScriptBuildPhase section */

/* Begin PBXSourcesBuildPhase section */
		1E51E78925DE889400127C6A /* Sources */ = {
			isa = PBXSourcesBuildPhase;
			buildActionMask = 2147483647;
			files = (
				1E51E79025DE889400127C6A /* Password_MenagerTests.swift in Sources */,
			);
			runOnlyForDeploymentPostprocessing = 0;
		};
		1E8090CD25B9CC710001D99D /* Sources */ = {
			isa = PBXSourcesBuildPhase;
			buildActionMask = 2147483647;
			files = (
				1E2F5DE025BB10B700B61916 /* ItemDetailView.swift in Sources */,
				1EC04AAB25DA9CF900B585F0 /* SettingsView.swift in Sources */,
				1E8090ED25B9CDF50001D99D /* Password.swift in Sources */,
				1E8090D525B9CC710001D99D /* AppDelegate.swift in Sources */,
				1E8090D725B9CC710001D99D /* SceneDelegate.swift in Sources */,
				1E82D09625D428C400CE0992 /* PushNotifications.swift in Sources */,
				1E3B071325BDAAB000D41179 /* MailDetailView.swift in Sources */,
				1E8090F325B9EAB00001D99D /* AppView.swift in Sources */,
				1E8090F625B9EBEE0001D99D /* AddNewItemView.swift in Sources */,
				1EB78DB325D544A200F812E5 /* CardItemView.swift in Sources */,
				1E6BA9D325BC3CD40007A1CD /* PasswordGenerator.swift in Sources */,
				1EBF026F25CC269E005B200D /* CoreDataTest.xcdatamodeld in Sources */,
				1E6ADC3025C033AB000130C8 /* LoginView.swift in Sources */,
				1EBF026A25CC2674005B200D /* Persistence.swift in Sources */,
				1E3B071025BDAA5B00D41179 /* RowView.swift in Sources */,
				1E8090DC25B9CC710001D99D /* Password_MEnager.xcdatamodeld in Sources */,
				1E123F6B25C43D6F00F9CF69 /* ReadFromPictureView.swift in Sources */,
				1E1E33D325C99DC5001E50B1 /* DrawOnImageView.swift in Sources */,
				1E6ADC3325C064C1000130C8 /* LoginPinView.swift in Sources */,
				1E2F5DDD25BAFFE600B61916 /* FavouriteView.swift in Sources */,
				1E2CA35225D7EB6600362AC8 /* SkanCreditCardView.swift in Sources */,
				1E8090D925B9CC710001D99D /* ContentView.swift in Sources */,
			);
			runOnlyForDeploymentPostprocessing = 0;
		};
/* End PBXSourcesBuildPhase section */

/* Begin PBXTargetDependency section */
		1E51E79325DE889400127C6A /* PBXTargetDependency */ = {
			isa = PBXTargetDependency;
			target = 1E8090D025B9CC710001D99D /* Password MEnager */;
			targetProxy = 1E51E79225DE889400127C6A /* PBXContainerItemProxy */;
		};
/* End PBXTargetDependency section */

/* Begin PBXVariantGroup section */
		1E8090E225B9CC760001D99D /* LaunchScreen.storyboard */ = {
			isa = PBXVariantGroup;
			children = (
				1E8090E325B9CC760001D99D /* Base */,
			);
			name = LaunchScreen.storyboard;
			sourceTree = "<group>";
		};
/* End PBXVariantGroup section */

/* Begin XCBuildConfiguration section */
		1E51E79525DE889400127C6A /* Debug */ = {
			isa = XCBuildConfiguration;
			buildSettings = {
				BUNDLE_LOADER = "$(TEST_HOST)";
				"CODE_SIGN_IDENTITY[sdk=macosx*]" = "Apple Development";
				CODE_SIGN_STYLE = Automatic;
				DEVELOPMENT_TEAM = SK8AD2UYJF;
				INFOPLIST_FILE = "Password MenagerTests/Info.plist";
				LD_RUNPATH_SEARCH_PATHS = (
					"$(inherited)",
					"@executable_path/Frameworks",
					"@loader_path/Frameworks",
				);
				PRODUCT_BUNDLE_IDENTIFIER = "PassMenager.Password-MenagerTests";
				PRODUCT_NAME = "$(TARGET_NAME)";
				SWIFT_VERSION = 5.0;
				TARGETED_DEVICE_FAMILY = "1,2";
				TEST_HOST = "$(BUILT_PRODUCTS_DIR)/Password MEnager.app/Password MEnager";
			};
			name = Debug;
		};
		1E51E79625DE889400127C6A /* Release */ = {
			isa = XCBuildConfiguration;
			buildSettings = {
				BUNDLE_LOADER = "$(TEST_HOST)";
				"CODE_SIGN_IDENTITY[sdk=macosx*]" = "Apple Development";
				CODE_SIGN_STYLE = Automatic;
				DEVELOPMENT_TEAM = SK8AD2UYJF;
				INFOPLIST_FILE = "Password MenagerTests/Info.plist";
				LD_RUNPATH_SEARCH_PATHS = (
					"$(inherited)",
					"@executable_path/Frameworks",
					"@loader_path/Frameworks",
				);
				PRODUCT_BUNDLE_IDENTIFIER = "PassMenager.Password-MenagerTests";
				PRODUCT_NAME = "$(TARGET_NAME)";
				SWIFT_VERSION = 5.0;
				TARGETED_DEVICE_FAMILY = "1,2";
				TEST_HOST = "$(BUILT_PRODUCTS_DIR)/Password MEnager.app/Password MEnager";
			};
			name = Release;
		};
		1E8090E625B9CC760001D99D /* Debug */ = {
			isa = XCBuildConfiguration;
			buildSettings = {
				ALWAYS_SEARCH_USER_PATHS = NO;
				CLANG_ANALYZER_NONNULL = YES;
				CLANG_ANALYZER_NUMBER_OBJECT_CONVERSION = YES_AGGRESSIVE;
				CLANG_CXX_LANGUAGE_STANDARD = "gnu++14";
				CLANG_CXX_LIBRARY = "libc++";
				CLANG_ENABLE_MODULES = YES;
				CLANG_ENABLE_OBJC_ARC = YES;
				CLANG_ENABLE_OBJC_WEAK = YES;
				CLANG_WARN_BLOCK_CAPTURE_AUTORELEASING = YES;
				CLANG_WARN_BOOL_CONVERSION = YES;
				CLANG_WARN_COMMA = YES;
				CLANG_WARN_CONSTANT_CONVERSION = YES;
				CLANG_WARN_DEPRECATED_OBJC_IMPLEMENTATIONS = YES;
				CLANG_WARN_DIRECT_OBJC_ISA_USAGE = YES_ERROR;
				CLANG_WARN_DOCUMENTATION_COMMENTS = YES;
				CLANG_WARN_EMPTY_BODY = YES;
				CLANG_WARN_ENUM_CONVERSION = YES;
				CLANG_WARN_INFINITE_RECURSION = YES;
				CLANG_WARN_INT_CONVERSION = YES;
				CLANG_WARN_NON_LITERAL_NULL_CONVERSION = YES;
				CLANG_WARN_OBJC_IMPLICIT_RETAIN_SELF = YES;
				CLANG_WARN_OBJC_LITERAL_CONVERSION = YES;
				CLANG_WARN_OBJC_ROOT_CLASS = YES_ERROR;
				CLANG_WARN_QUOTED_INCLUDE_IN_FRAMEWORK_HEADER = YES;
				CLANG_WARN_RANGE_LOOP_ANALYSIS = YES;
				CLANG_WARN_STRICT_PROTOTYPES = YES;
				CLANG_WARN_SUSPICIOUS_MOVE = YES;
				CLANG_WARN_UNGUARDED_AVAILABILITY = YES_AGGRESSIVE;
				CLANG_WARN_UNREACHABLE_CODE = YES;
				CLANG_WARN__DUPLICATE_METHOD_MATCH = YES;
				COPY_PHASE_STRIP = NO;
				DEBUG_INFORMATION_FORMAT = dwarf;
				ENABLE_STRICT_OBJC_MSGSEND = YES;
				ENABLE_TESTABILITY = YES;
				GCC_C_LANGUAGE_STANDARD = gnu11;
				GCC_DYNAMIC_NO_PIC = NO;
				GCC_NO_COMMON_BLOCKS = YES;
				GCC_OPTIMIZATION_LEVEL = 0;
				GCC_PREPROCESSOR_DEFINITIONS = (
					"DEBUG=1",
					"$(inherited)",
				);
				GCC_WARN_64_TO_32_BIT_CONVERSION = YES;
				GCC_WARN_ABOUT_RETURN_TYPE = YES_ERROR;
				GCC_WARN_UNDECLARED_SELECTOR = YES;
				GCC_WARN_UNINITIALIZED_AUTOS = YES_AGGRESSIVE;
				GCC_WARN_UNUSED_FUNCTION = YES;
				GCC_WARN_UNUSED_VARIABLE = YES;
				IPHONEOS_DEPLOYMENT_TARGET = 14.2;
				MTL_ENABLE_DEBUG_INFO = INCLUDE_SOURCE;
				MTL_FAST_MATH = YES;
				ONLY_ACTIVE_ARCH = YES;
				SDKROOT = iphoneos;
				SWIFT_ACTIVE_COMPILATION_CONDITIONS = DEBUG;
				SWIFT_OPTIMIZATION_LEVEL = "-Onone";
			};
			name = Debug;
		};
		1E8090E725B9CC760001D99D /* Release */ = {
			isa = XCBuildConfiguration;
			buildSettings = {
				ALWAYS_SEARCH_USER_PATHS = NO;
				CLANG_ANALYZER_NONNULL = YES;
				CLANG_ANALYZER_NUMBER_OBJECT_CONVERSION = YES_AGGRESSIVE;
				CLANG_CXX_LANGUAGE_STANDARD = "gnu++14";
				CLANG_CXX_LIBRARY = "libc++";
				CLANG_ENABLE_MODULES = YES;
				CLANG_ENABLE_OBJC_ARC = YES;
				CLANG_ENABLE_OBJC_WEAK = YES;
				CLANG_WARN_BLOCK_CAPTURE_AUTORELEASING = YES;
				CLANG_WARN_BOOL_CONVERSION = YES;
				CLANG_WARN_COMMA = YES;
				CLANG_WARN_CONSTANT_CONVERSION = YES;
				CLANG_WARN_DEPRECATED_OBJC_IMPLEMENTATIONS = YES;
				CLANG_WARN_DIRECT_OBJC_ISA_USAGE = YES_ERROR;
				CLANG_WARN_DOCUMENTATION_COMMENTS = YES;
				CLANG_WARN_EMPTY_BODY = YES;
				CLANG_WARN_ENUM_CONVERSION = YES;
				CLANG_WARN_INFINITE_RECURSION = YES;
				CLANG_WARN_INT_CONVERSION = YES;
				CLANG_WARN_NON_LITERAL_NULL_CONVERSION = YES;
				CLANG_WARN_OBJC_IMPLICIT_RETAIN_SELF = YES;
				CLANG_WARN_OBJC_LITERAL_CONVERSION = YES;
				CLANG_WARN_OBJC_ROOT_CLASS = YES_ERROR;
				CLANG_WARN_QUOTED_INCLUDE_IN_FRAMEWORK_HEADER = YES;
				CLANG_WARN_RANGE_LOOP_ANALYSIS = YES;
				CLANG_WARN_STRICT_PROTOTYPES = YES;
				CLANG_WARN_SUSPICIOUS_MOVE = YES;
				CLANG_WARN_UNGUARDED_AVAILABILITY = YES_AGGRESSIVE;
				CLANG_WARN_UNREACHABLE_CODE = YES;
				CLANG_WARN__DUPLICATE_METHOD_MATCH = YES;
				COPY_PHASE_STRIP = NO;
				DEBUG_INFORMATION_FORMAT = "dwarf-with-dsym";
				ENABLE_NS_ASSERTIONS = NO;
				ENABLE_STRICT_OBJC_MSGSEND = YES;
				GCC_C_LANGUAGE_STANDARD = gnu11;
				GCC_NO_COMMON_BLOCKS = YES;
				GCC_WARN_64_TO_32_BIT_CONVERSION = YES;
				GCC_WARN_ABOUT_RETURN_TYPE = YES_ERROR;
				GCC_WARN_UNDECLARED_SELECTOR = YES;
				GCC_WARN_UNINITIALIZED_AUTOS = YES_AGGRESSIVE;
				GCC_WARN_UNUSED_FUNCTION = YES;
				GCC_WARN_UNUSED_VARIABLE = YES;
				IPHONEOS_DEPLOYMENT_TARGET = 14.2;
				MTL_ENABLE_DEBUG_INFO = NO;
				MTL_FAST_MATH = YES;
				SDKROOT = iphoneos;
				SWIFT_COMPILATION_MODE = wholemodule;
				SWIFT_OPTIMIZATION_LEVEL = "-O";
				VALIDATE_PRODUCT = YES;
			};
			name = Release;
		};
		1E8090E925B9CC760001D99D /* Debug */ = {
			isa = XCBuildConfiguration;
			baseConfigurationReference = C0EA72BE9B022522E42C5781 /* Pods-Password MEnager.debug.xcconfig */;
			buildSettings = {
				ASSETCATALOG_COMPILER_APPICON_NAME = AppIcon;
				ASSETCATALOG_COMPILER_GLOBAL_ACCENT_COLOR_NAME = AccentColor;
				CODE_SIGN_ENTITLEMENTS = "Password MEnager/Password MEnager.entitlements";
				CODE_SIGN_IDENTITY = "Apple Development";
				CODE_SIGN_STYLE = Automatic;
				DEVELOPMENT_ASSET_PATHS = "\"Password MEnager/Preview Content\"";
				DEVELOPMENT_TEAM = SK8AD2UYJF;
				ENABLE_PREVIEWS = YES;
				INFOPLIST_FILE = "Password MEnager/Info.plist";
				LD_RUNPATH_SEARCH_PATHS = (
					"$(inherited)",
					"@executable_path/Frameworks",
				);
				PRODUCT_BUNDLE_IDENTIFIER = "PassMenager.Password-MEnager";
				PRODUCT_NAME = "$(TARGET_NAME)";
				PROVISIONING_PROFILE_SPECIFIER = "";
				SWIFT_VERSION = 5.0;
				TARGETED_DEVICE_FAMILY = "1,2";
			};
			name = Debug;
		};
		1E8090EA25B9CC760001D99D /* Release */ = {
			isa = XCBuildConfiguration;
			baseConfigurationReference = 2D5854123ABC6FDE7C935FBC /* Pods-Password MEnager.release.xcconfig */;
			buildSettings = {
				ASSETCATALOG_COMPILER_APPICON_NAME = AppIcon;
				ASSETCATALOG_COMPILER_GLOBAL_ACCENT_COLOR_NAME = AccentColor;
				CODE_SIGN_ENTITLEMENTS = "Password MEnager/Password MEnager.entitlements";
				CODE_SIGN_IDENTITY = "Apple Development";
				CODE_SIGN_STYLE = Automatic;
				DEVELOPMENT_ASSET_PATHS = "\"Password MEnager/Preview Content\"";
				DEVELOPMENT_TEAM = SK8AD2UYJF;
				ENABLE_PREVIEWS = YES;
				INFOPLIST_FILE = "Password MEnager/Info.plist";
				LD_RUNPATH_SEARCH_PATHS = (
					"$(inherited)",
					"@executable_path/Frameworks",
				);
				PRODUCT_BUNDLE_IDENTIFIER = "PassMenager.Password-MEnager";
				PRODUCT_NAME = "$(TARGET_NAME)";
				PROVISIONING_PROFILE_SPECIFIER = "";
				SWIFT_VERSION = 5.0;
				TARGETED_DEVICE_FAMILY = "1,2";
			};
			name = Release;
		};
/* End XCBuildConfiguration section */

/* Begin XCConfigurationList section */
		1E51E79425DE889400127C6A /* Build configuration list for PBXNativeTarget "Password MenagerTests" */ = {
			isa = XCConfigurationList;
			buildConfigurations = (
				1E51E79525DE889400127C6A /* Debug */,
				1E51E79625DE889400127C6A /* Release */,
			);
			defaultConfigurationIsVisible = 0;
			defaultConfigurationName = Release;
		};
		1E8090CC25B9CC710001D99D /* Build configuration list for PBXProject "Password MEnager" */ = {
			isa = XCConfigurationList;
			buildConfigurations = (
				1E8090E625B9CC760001D99D /* Debug */,
				1E8090E725B9CC760001D99D /* Release */,
			);
			defaultConfigurationIsVisible = 0;
			defaultConfigurationName = Release;
		};
		1E8090E825B9CC760001D99D /* Build configuration list for PBXNativeTarget "Password MEnager" */ = {
			isa = XCConfigurationList;
			buildConfigurations = (
				1E8090E925B9CC760001D99D /* Debug */,
				1E8090EA25B9CC760001D99D /* Release */,
			);
			defaultConfigurationIsVisible = 0;
			defaultConfigurationName = Release;
		};
/* End XCConfigurationList section */

/* Begin XCRemoteSwiftPackageReference section */
		1E2CA36225D801E600362AC8 /* XCRemoteSwiftPackageReference "SweetCardScanner" */ = {
			isa = XCRemoteSwiftPackageReference;
			repositoryURL = "https://github.com/aaronLab/SweetCardScanner.git";
			requirement = {
				kind = upToNextMajorVersion;
				minimumVersion = 1.0.2;
			};
		};
/* End XCRemoteSwiftPackageReference section */

/* Begin XCSwiftPackageProductDependency section */
		1E2CA36325D801E600362AC8 /* SweetCardScanner */ = {
			isa = XCSwiftPackageProductDependency;
			package = 1E2CA36225D801E600362AC8 /* XCRemoteSwiftPackageReference "SweetCardScanner" */;
			productName = SweetCardScanner;
		};
/* End XCSwiftPackageProductDependency section */

/* Begin XCVersionGroup section */
		1E8090DA25B9CC710001D99D /* Password_MEnager.xcdatamodeld */ = {
			isa = XCVersionGroup;
			children = (
				1E8090DB25B9CC710001D99D /* Password_MEnager.xcdatamodel */,
			);
			currentVersion = 1E8090DB25B9CC710001D99D /* Password_MEnager.xcdatamodel */;
			path = Password_MEnager.xcdatamodeld;
			sourceTree = "<group>";
			versionGroupType = wrapper.xcdatamodel;
		};
		1EBF026C25CC269E005B200D /* CoreDataTest.xcdatamodeld */ = {
			isa = XCVersionGroup;
			children = (
				1EBF026D25CC269E005B200D /* CoreDataTest.xcdatamodel */,
				1EBF026E25CC269E005B200D /* CoreDataTest 2.xcdatamodel */,
			);
			currentVersion = 1EBF026D25CC269E005B200D /* CoreDataTest.xcdatamodel */;
			path = CoreDataTest.xcdatamodeld;
			sourceTree = "<group>";
			versionGroupType = wrapper.xcdatamodel;
		};
/* End XCVersionGroup section */
	};
	rootObject = 1E8090C925B9CC710001D99D /* Project object */;
}
